
Microsoft Visual Studio Solution File, Format Version 12.00
# Visual Studio Version 16
VisualStudioVersion = 16.0.30907.101
MinimumVisualStudioVersion = 10.0.40219.1
Project("{9A19103F-16F7-4668-BE54-9A1E7A4F7556}") = "DataAccess", "DataAccess\DataAccess.csproj", "{9E7AE06B-F557-449C-8329-AA66B6F0CDCC}"
EndProject
Project("{9A19103F-16F7-4668-BE54-9A1E7A4F7556}") = "Business", "Business\Business.csproj", "{5901FCB0-0AC0-44B8-9076-09D31FF54E47}"
EndProject
Project("{9A19103F-16F7-4668-BE54-9A1E7A4F7556}") = "Entities", "Entities\Entities.csproj", "{32191375-C876-4817-8099-96947D20EC40}"
EndProject
Project("{9A19103F-16F7-4668-BE54-9A1E7A4F7556}") = "ConsoleUI", "ConsoleUI\ConsoleUI.csproj", "{EDE49984-1DC7-4F47-B737-80F27CBBD1AB}"
EndProject
Project("{9A19103F-16F7-4668-BE54-9A1E7A4F7556}") = "Core", "Core\Core.csproj", "{4F705A98-7D79-4709-9742-E975A86284DC}"
EndProject
Project("{FAE04EC0-301F-11D3-BF4B-00C04F79EFBC}") = "WebAPI", "WebAPI\WebAPI.csproj", "{27BFCD70-1A65-498B-9835-BB21DD2433C0}"
EndProject
Global
	GlobalSection(SolutionConfigurationPlatforms) = preSolution
		Debug|Any CPU = Debug|Any CPU
		Release|Any CPU = Release|Any CPU
	EndGlobalSection
	GlobalSection(ProjectConfigurationPlatforms) = postSolution
		{9E7AE06B-F557-449C-8329-AA66B6F0CDCC}.Debug|Any CPU.ActiveCfg = Debug|Any CPU
		{9E7AE06B-F557-449C-8329-AA66B6F0CDCC}.Debug|Any CPU.Build.0 = Debug|Any CPU
		{9E7AE06B-F557-449C-8329-AA66B6F0CDCC}.Release|Any CPU.ActiveCfg = Release|Any CPU
		{9E7AE06B-F557-449C-8329-AA66B6F0CDCC}.Release|Any CPU.Build.0 = Release|Any CPU
		{5901FCB0-0AC0-44B8-9076-09D31FF54E47}.Debug|Any CPU.ActiveCfg = Debug|Any CPU
		{5901FCB0-0AC0-44B8-9076-09D31FF54E47}.Debug|Any CPU.Build.0 = Debug|Any CPU
		{5901FCB0-0AC0-44B8-9076-09D31FF54E47}.Release|Any CPU.ActiveCfg = Release|Any CPU
		{5901FCB0-0AC0-44B8-9076-09D31FF54E47}.Release|Any CPU.Build.0 = Release|Any CPU
		{32191375-C876-4817-8099-96947D20EC40}.Debug|Any CPU.ActiveCfg = Debug|Any CPU
		{32191375-C876-4817-8099-96947D20EC40}.Debug|Any CPU.Build.0 = Debug|Any CPU
		{32191375-C876-4817-8099-96947D20EC40}.Release|Any CPU.ActiveCfg = Release|Any CPU
		{32191375-C876-4817-8099-96947D20EC40}.Release|Any CPU.Build.0 = Release|Any CPU
		{EDE49984-1DC7-4F47-B737-80F27CBBD1AB}.Debug|Any CPU.ActiveCfg = Debug|Any CPU
		{EDE49984-1DC7-4F47-B737-80F27CBBD1AB}.Debug|Any CPU.Build.0 = Debug|Any CPU
		{EDE49984-1DC7-4F47-B737-80F27CBBD1AB}.Release|Any CPU.ActiveCfg = Release|Any CPU
		{EDE49984-1DC7-4F47-B737-80F27CBBD1AB}.Release|Any CPU.Build.0 = Release|Any CPU
		{4F705A98-7D79-4709-9742-E975A86284DC}.Debug|Any CPU.ActiveCfg = Debug|Any CPU
		{4F705A98-7D79-4709-9742-E975A86284DC}.Debug|Any CPU.Build.0 = Debug|Any CPU
		{4F705A98-7D79-4709-9742-E975A86284DC}.Release|Any CPU.ActiveCfg = Release|Any CPU
		{4F705A98-7D79-4709-9742-E975A86284DC}.Release|Any CPU.Build.0 = Release|Any CPU
		{27BFCD70-1A65-498B-9835-BB21DD2433C0}.Debug|Any CPU.ActiveCfg = Debug|Any CPU
		{27BFCD70-1A65-498B-9835-BB21DD2433C0}.Debug|Any CPU.Build.0 = Debug|Any CPU
		{27BFCD70-1A65-498B-9835-BB21DD2433C0}.Release|Any CPU.ActiveCfg = Release|Any CPU
		{27BFCD70-1A65-498B-9835-BB21DD2433C0}.Release|Any CPU.Build.0 = Release|Any CPU
	EndGlobalSection
	GlobalSection(SolutionProperties) = preSolution
		HideSolutionNode = FALSE
	EndGlobalSection
	GlobalSection(ExtensibilityGlobals) = postSolution
		SolutionGuid = {E2C0084E-DD3C-47BA-856B-B20C3C29D6E6}
	EndGlobalSection
EndGlobal
